%{
  "castore": {:hex, :castore, "1.0.3", "7130ba6d24c8424014194676d608cb989f62ef8039efd50ff4b3f33286d06db8", [:mix], [], "hexpm", "680ab01ef5d15b161ed6a95449fac5c6b8f60055677a8e79acf01b27baa4390b"},
  "cc_precompiler": {:hex, :cc_precompiler, "0.1.8", "933a5f4da3b19ee56539a076076ce4d7716d64efc8db46fd066996a7e46e2bfd", [:mix], [{:elixir_make, "~> 0.7.3", [hex: :elixir_make, repo: "hexpm", optional: false]}], "hexpm", "176bdf4366956e456bf761b54ad70bc4103d0269ca9558fd7cee93d1b3f116db"},
  "complex": {:hex, :complex, "0.5.0", "af2d2331ff6170b61bb738695e481b27a66780e18763e066ee2cd863d0b1dd92", [:mix], [], "hexpm", "2683bd3c184466cfb94fad74cbfddfaa94b860e27ad4ca1bffe3bff169d91ef1"},
  "dll_loader_helper": {:hex, :dll_loader_helper, "0.1.11", "f553988162a3e4a1f1fa31708922f812f8fe8b67fb6652b9532c2c1c846a68c8", [:make, :mix], [{:castore, ">= 0.0.0", [hex: :castore, repo: "hexpm", optional: false]}, {:cc_precompiler, "~> 0.1", [hex: :cc_precompiler, repo: "hexpm", optional: false]}], "hexpm", "51b3fbc32d8f76356367c68561051d3afc872b80f8c5b7bd566914878e7159b8"},
  "elixir_make": {:hex, :elixir_make, "0.7.7", "7128c60c2476019ed978210c245badf08b03dbec4f24d05790ef791da11aa17c", [:mix], [{:castore, "~> 0.1 or ~> 1.0", [hex: :castore, repo: "hexpm", optional: true]}], "hexpm", "5bc19fff950fad52bbe5f211b12db9ec82c6b34a9647da0c2224b8b8464c7e6c"},
  "evision": {:hex, :evision, "0.1.33", "b4ba0c7333e726381f414a02cc126eb834d74df8c223e307cd56d20809ba3356", [:make, :mix, :rebar3], [{:castore, "~> 0.1 or ~> 1.0", [hex: :castore, repo: "hexpm", optional: false]}, {:dll_loader_helper, "~> 0.1", [hex: :dll_loader_helper, repo: "hexpm", optional: false]}, {:elixir_make, "~> 0.7", [hex: :elixir_make, repo: "hexpm", optional: false]}, {:kino, "~> 0.7", [hex: :kino, repo: "hexpm", optional: true]}, {:nx, "~> 0.4", [hex: :nx, repo: "hexpm", optional: false]}, {:progress_bar, "~> 2.0 or ~> 3.0", [hex: :progress_bar, repo: "hexpm", optional: true]}], "hexpm", "f66879e693e59ea7ca37c5d19cfe1ae67491c811a53fa5ca1fabfd7a53ad094b"},
  "nx": {:hex, :nx, "0.6.0", "37c86eae824125a7e298dd1ee896953d9d671ce3630dcff74c77db17d734a85f", [:mix], [{:complex, "~> 0.5", [hex: :complex, repo: "hexpm", optional: false]}, {:telemetry, "~> 0.4.0 or ~> 1.0", [hex: :telemetry, repo: "hexpm", optional: false]}], "hexpm", "e1ad3cc70a5828a1aedb156b71e90863d9623a2dc9b35a5588f8627a07ee6cb4"},
  "telemetry": {:hex, :telemetry, "1.2.1", "68fdfe8d8f05a8428483a97d7aab2f268aaff24b49e0f599faa091f1d4e7f61c", [:rebar3], [], "hexpm", "dad9ce9d8effc621708f99eac538ef1cbe05d6a874dd741de2e689c47feafed5"},
}
