%{
  "luerl": {:hex, :luerl, "1.0.0", "1b68c30649323590d5339b967b419260500ffe520cd3abc1987482a82d3b5a6c", [:rebar3], [], "hexpm", "c17bc45cb4b0845ec975387f9a5d8c81ab60456698527a29c96f78992af86bd1"},
  "sandbox": {:hex, :sandbox, "0.5.0", "ffce70be253c6d9a38ea24a95fa8f68c4cfe7ea687327ce7dbaf067943f5362b", [:mix], [{:luerl, "~> 0.4.0", [hex: :luerl, repo: "hexpm", optional: false]}], "hexpm", "10f6745f8e2710b79566ed15770851149031723e29b325ab6f14c0b439ede6ff"},
}
